
Microsoft Visual Studio Solution File, Format Version 12.00
# Visual Studio Version 17
VisualStudioVersion = 17.4.33205.214
MinimumVisualStudioVersion = 10.0.40219.1
Project("{FAE04EC0-301F-11D3-BF4B-00C04F79EFBC}") = "Ejercicio1", "Ejercicio1.csproj", "{611AC7E0-6B96-46F9-B868-9188D07AA206}"
EndProject
Project("{FAE04EC0-301F-11D3-BF4B-00C04F79EFBC}") = "Ejercicio2", "..\Ejercicio2\Ejercicio2.csproj", "{3FDCEA1D-7586-422A-899A-189EA15E8063}"
EndProject
Global
	GlobalSection(SolutionConfigurationPlatforms) = preSolution
		Debug|Any CPU = Debug|Any CPU
		Release|Any CPU = Release|Any CPU
	EndGlobalSection
	GlobalSection(ProjectConfigurationPlatforms) = postSolution
		{611AC7E0-6B96-46F9-B868-9188D07AA206}.Debug|Any CPU.ActiveCfg = Debug|Any CPU
		{611AC7E0-6B96-46F9-B868-9188D07AA206}.Debug|Any CPU.Build.0 = Debug|Any CPU
		{611AC7E0-6B96-46F9-B868-9188D07AA206}.Release|Any CPU.ActiveCfg = Release|Any CPU
		{611AC7E0-6B96-46F9-B868-9188D07AA206}.Release|Any CPU.Build.0 = Release|Any CPU
		{3FDCEA1D-7586-422A-899A-189EA15E8063}.Debug|Any CPU.ActiveCfg = Debug|Any CPU
		{3FDCEA1D-7586-422A-899A-189EA15E8063}.Debug|Any CPU.Build.0 = Debug|Any CPU
		{3FDCEA1D-7586-422A-899A-189EA15E8063}.Release|Any CPU.ActiveCfg = Release|Any CPU
		{3FDCEA1D-7586-422A-899A-189EA15E8063}.Release|Any CPU.Build.0 = Release|Any CPU
	EndGlobalSection
	GlobalSection(SolutionProperties) = preSolution
		HideSolutionNode = FALSE
	EndGlobalSection
	GlobalSection(ExtensibilityGlobals) = postSolution
		SolutionGuid = {CF70C937-C71B-4240-B5C6-5B168413AE25}
	EndGlobalSection
EndGlobal
